# THIS IS AN AUTOGENERATED FILE. DO NOT EDIT THIS FILE DIRECTLY.
# yarn lockfile v1


"@types/node@^9.4.7":
  version "9.6.55"
  resolved "https://registry.yarnpkg.com/@types/node/-/node-9.6.55.tgz#7cc1358c9c18e71f6c020e410962971863232cf5"
  integrity sha512-e/5tg8Ok0gSrN6pvHphnwTK0/CD9VPZrtZqpvvpEFAtfs+ZntusgGaWkf2lSEq1OFe2EDPeUMiMVpy4nZpJ4AQ==

accepts@^1.3.3:
  version "1.3.5"
  resolved "https://registry.yarnpkg.com/accepts/-/accepts-1.3.5.tgz#eb777df6011723a3b14e8a72c0805c8e86746bd2"
  integrity sha1-63d99gEXI6OxTopywIBcjoZ0a9I=
  dependencies:
    mime-types "~2.1.18"
    negotiator "0.6.1"

api-core@3.0.0:
  version "3.0.0"
  resolved "https://registry.yarnpkg.com/api-core/-/api-core-3.0.0.tgz#6c92d7352f7ece8fc5d1a1dd5e2c2c3392dc4907"
  integrity sha512-2YIQUqrS8+sH+1/SrOK0BPChindPoJ9YV1Sb05mBZGfzbKqRqXU7DF+Wndi0p0niz/gXd5/cqRfDcdBN3wcRJw==
  dependencies:
    debug "^4.1.1"
    deep-keys "^0.3.0"
    obj-parse "^0.3.0"
    simpl-schema "^1.4.2"
    uuid "^3.3.2"

basic-auth@^1.1.0:
  version "1.1.0"
  resolved "https://registry.yarnpkg.com/basic-auth/-/basic-auth-1.1.0.tgz#45221ee429f7ee1e5035be3f51533f1cdfd29884"
  integrity sha1-RSIe5Cn37h5QNb4/UVM/HN/SmIQ=

clone@^2.1.1:
  version "2.1.2"
  resolved "https://registry.yarnpkg.com/clone/-/clone-2.1.2.tgz#1b7f4b9f591f1e8f83670401600345a02887435f"
  integrity sha1-G39Ln1kfHo+DZwQBYANFoCiHQ18=

debug@=3.1.0:
  version "3.1.0"
  resolved "https://registry.yarnpkg.com/debug/-/debug-3.1.0.tgz#5bb5a0672628b64149566ba16819e61518c67261"
  integrity sha512-OX8XqP7/1a9cqkxYw2yXss15f26NKWBpDXQd0/uK/KPqdQhxbPa994hnzjcE2VqQpDslf55723cKPUOGSmMY3g==
  dependencies:
    ms "2.0.0"

debug@^4.1.1:
  version "4.1.1"
  resolved "https://registry.yarnpkg.com/debug/-/debug-4.1.1.tgz#3b72260255109c6b589cee050f1d516139664791"
  integrity sha512-pYAIzeRo8J6KPEaJ0VWOh5Pzkbw/RetuzehGM7QRRX5he4fPHx2rdKMB256ehJCkX+XRQm16eZLqLNS8RSZXZw==
  dependencies:
    ms "^2.1.1"

deep-keys@^0.3.0:
  version "0.3.0"
  resolved "https://registry.yarnpkg.com/deep-keys/-/deep-keys-0.3.0.tgz#a0522a7c38aed750eec79e077bc52581bbb0fc55"
  integrity sha1-oFIqfDiu11Dux54He8Ulgbuw/FU=

double-ended-queue@^2.1.0-0:
  version "2.1.0-0"
  resolved "https://registry.yarnpkg.com/double-ended-queue/-/double-ended-queue-2.1.0-0.tgz#103d3527fd31528f40188130c841efdd78264e5c"
  integrity sha1-ED01J/0xUo9AGIEwyEHv3XgmTlw=

escape-html@^1.0.3:
  version "1.0.3"
  resolved "https://registry.yarnpkg.com/escape-html/-/escape-html-1.0.3.tgz#0258eae4d3d0c0974de1c169188ef0051d1d1988"
  integrity sha1-Aljq5NPQwJdN4cFpGI7wBR0dGYg=

eventemitter3@^3.0.0:
  version "3.1.0"
  resolved "https://registry.yarnpkg.com/eventemitter3/-/eventemitter3-3.1.0.tgz#090b4d6cdbd645ed10bf750d4b5407942d7ba163"
  integrity sha512-ivIvhpq/Y0uSjcHDcOIccjmYjGLcP09MFGE7ysAwkAvkXfpZlC985pH2/ui64DKazbTW/4kN3yqozUxlXzI6cA==

extend@^3.0.1:
  version "3.0.2"
  resolved "https://registry.yarnpkg.com/extend/-/extend-3.0.2.tgz#f8b1136b4071fbd8eb140aff858b1019ec2915fa"
  integrity sha512-fjquC59cD7CyW6urNXK0FBufkZcoiGG80wTuPujX590cB5Ttln20E2UB4S/WARVqhXffZl2LNgS+gQdPIIim/g==

follow-redirects@^1.0.0:
  version "1.6.1"
  resolved "https://registry.yarnpkg.com/follow-redirects/-/follow-redirects-1.6.1.tgz#514973c44b5757368bad8bddfe52f81f015c94cb"
  integrity sha512-t2JCjbzxQpWvbhts3l6SH1DKzSrx8a+SsaVf4h6bG4kOXUuPYS/kg2Lr4gQSb7eemaHqJkOThF1BGyjlUkO1GQ==
  dependencies:
    debug "=3.1.0"

front-door@ajuhos/front-door#2322c56:
  version "0.0.1"
  resolved "https://codeload.github.com/ajuhos/front-door/tar.gz/2322c567cd8fc4903c402d95af93287a9a981b01"
  dependencies:
    accepts "^1.3.3"
    basic-auth "^1.1.0"
    escape-html "^1.0.3"
    http-proxy "^1.16.2"
    redis "^2.7.1"
    strep "^1.0.0"
    string-hash "^1.1.3"
    wrg "^1.0.0"
    wror "^1.0.0"

http-proxy@^1.16.2:
  version "1.17.0"
  resolved "https://registry.yarnpkg.com/http-proxy/-/http-proxy-1.17.0.tgz#7ad38494658f84605e2f6db4436df410f4e5be9a"
  integrity sha512-Taqn+3nNvYRfJ3bGvKfBSRwy1v6eePlm3oc/aWVxZp57DQr5Eq3xhKJi7Z4hZpS8PC3H4qI+Yly5EmFacGuA/g==
  dependencies:
    eventemitter3 "^3.0.0"
    follow-redirects "^1.0.0"
    requires-port "^1.0.0"

ip-regex@^3.0.0:
  version "3.0.0"
  resolved "https://registry.yarnpkg.com/ip-regex/-/ip-regex-3.0.0.tgz#0a934694b4066558c46294244a23cc33116bf732"
  integrity sha512-T8wDtjy+Qf2TAPDQmBp0eGKJ8GavlWlUnamr3wRn6vvdZlKVuJXXMlSncYFRYgVHOM3If5NR1H4+OvVQU9Idvg==

lodash._basecallback@^3.0.0:
  version "3.3.1"
  resolved "https://registry.yarnpkg.com/lodash._basecallback/-/lodash._basecallback-3.3.1.tgz#b7b2bb43dc2160424a21ccf26c57e443772a8e27"
  integrity sha1-t7K7Q9whYEJKIczybFfkQ3cqjic=
  dependencies:
    lodash._baseisequal "^3.0.0"
    lodash._bindcallback "^3.0.0"
    lodash.isarray "^3.0.0"
    lodash.pairs "^3.0.0"

lodash._baseeach@^3.0.0:
  version "3.0.4"
  resolved "https://registry.yarnpkg.com/lodash._baseeach/-/lodash._baseeach-3.0.4.tgz#cf8706572ca144e8d9d75227c990da982f932af3"
  integrity sha1-z4cGVyyhROjZ11InyZDamC+TKvM=
  dependencies:
    lodash.keys "^3.0.0"

lodash._basefind@^3.0.0:
  version "3.0.0"
  resolved "https://registry.yarnpkg.com/lodash._basefind/-/lodash._basefind-3.0.0.tgz#b2bba05cc645f972de2cf925fa2bf63a0f60c8ae"
  integrity sha1-srugXMZF+XLeLPkl+iv2Og9gyK4=

lodash._basefindindex@^3.0.0:
  version "3.6.0"
  resolved "https://registry.yarnpkg.com/lodash._basefindindex/-/lodash._basefindindex-3.6.0.tgz#f083360a1b022418ed81bc899beb312e21e74a4f"
  integrity sha1-8IM2ChsCJBjtgbyJm+sxLiHnSk8=

lodash._baseisequal@^3.0.0:
  version "3.0.7"
  resolved "https://registry.yarnpkg.com/lodash._baseisequal/-/lodash._baseisequal-3.0.7.tgz#d8025f76339d29342767dcc887ce5cb95a5b51f1"
  integrity sha1-2AJfdjOdKTQnZ9zIh85cuVpbUfE=
  dependencies:
    lodash.isarray "^3.0.0"
    lodash.istypedarray "^3.0.0"
    lodash.keys "^3.0.0"

lodash._baseismatch@^3.0.0:
  version "3.1.3"
  resolved "https://registry.yarnpkg.com/lodash._baseismatch/-/lodash._baseismatch-3.1.3.tgz#0728fc48efa11699d3d5f2d73049f2ab13c40fd5"
  integrity sha1-Byj8SO+hFpnT1fLXMEnyqxPED9U=
  dependencies:
    lodash._baseisequal "^3.0.0"

lodash._basematches@^3.0.0:
  version "3.2.0"
  resolved "https://registry.yarnpkg.com/lodash._basematches/-/lodash._basematches-3.2.0.tgz#f47e03f07ec20784ab0968d0cb6cb597e2101158"
  integrity sha1-9H4D8H7CB4SrCWjQy2y1l+IQEVg=
  dependencies:
    lodash._baseismatch "^3.0.0"
    lodash.pairs "^3.0.0"

lodash._bindcallback@^3.0.0:
  version "3.0.1"
  resolved "https://registry.yarnpkg.com/lodash._bindcallback/-/lodash._bindcallback-3.0.1.tgz#e531c27644cf8b57a99e17ed95b35c748789392e"
  integrity sha1-5THCdkTPi1epnhftlbNcdIeJOS4=

lodash._getnative@^3.0.0:
  version "3.9.1"
  resolved "https://registry.yarnpkg.com/lodash._getnative/-/lodash._getnative-3.9.1.tgz#570bc7dede46d61cdcde687d65d3eecbaa3aaff5"
  integrity sha1-VwvH3t5G1hzc3mh9ZdPuy6o6r/U=

lodash._reinterpolate@^3.0.0:
  version "3.0.0"
  resolved "https://registry.yarnpkg.com/lodash._reinterpolate/-/lodash._reinterpolate-3.0.0.tgz#0ccf2d89166af03b3663c796538b75ac6e114d9d"
  integrity sha1-DM8tiRZq8Ds2Y8eWU4t1rG4RTZ0=

lodash.every@^4.6.0:
  version "4.6.0"
  resolved "https://registry.yarnpkg.com/lodash.every/-/lodash.every-4.6.0.tgz#eb89984bebc4364279bb3aefbbd1ca19bfa6c6a7"
  integrity sha1-64mYS+vENkJ5uzrvu9HKGb+mxqc=

lodash.find@^3.0.0:
  version "3.2.1"
  resolved "https://registry.yarnpkg.com/lodash.find/-/lodash.find-3.2.1.tgz#046e319f3ace912ac6c9246c7f683c5ec07b36ad"
  integrity sha1-BG4xnzrOkSrGySRsf2g8XsB7Nq0=
  dependencies:
    lodash._basecallback "^3.0.0"
    lodash._baseeach "^3.0.0"
    lodash._basefind "^3.0.0"
    lodash._basefindindex "^3.0.0"
    lodash.isarray "^3.0.0"
    lodash.keys "^3.0.0"

lodash.find@^4.6.0:
  version "4.6.0"
  resolved "https://registry.yarnpkg.com/lodash.find/-/lodash.find-4.6.0.tgz#cb0704d47ab71789ffa0de8b97dd926fb88b13b1"
  integrity sha1-ywcE1Hq3F4n/oN6Ll92Sb7iLE7E=

lodash.findwhere@^3.1.0:
  version "3.1.0"
  resolved "https://registry.yarnpkg.com/lodash.findwhere/-/lodash.findwhere-3.1.0.tgz#7937d34f3eac818dec7fa94e8ca5e26fdba1cfc1"
  integrity sha1-eTfTTz6sgY3sf6lOjKXib9uhz8E=
  dependencies:
    lodash._basematches "^3.0.0"
    lodash.find "^3.0.0"

lodash.foreach@^4.5.0:
  version "4.5.0"
  resolved "https://registry.yarnpkg.com/lodash.foreach/-/lodash.foreach-4.5.0.tgz#1a6a35eace401280c7f06dddec35165ab27e3e53"
  integrity sha1-Gmo16s5AEoDH8G3d7DUWWrJ+PlM=

lodash.includes@^4.3.0:
  version "4.3.0"
  resolved "https://registry.yarnpkg.com/lodash.includes/-/lodash.includes-4.3.0.tgz#60bb98a87cb923c68ca1e51325483314849f553f"
  integrity sha1-YLuYqHy5I8aMoeUTJUgzFISfVT8=

lodash.isarguments@^3.0.0:
  version "3.1.0"
  resolved "https://registry.yarnpkg.com/lodash.isarguments/-/lodash.isarguments-3.1.0.tgz#2f573d85c6a24289ff00663b491c1d338ff3458a"
  integrity sha1-L1c9hcaiQon/AGY7SRwdM4/zRYo=

lodash.isarray@^3.0.0:
  version "3.0.4"
  resolved "https://registry.yarnpkg.com/lodash.isarray/-/lodash.isarray-3.0.4.tgz#79e4eb88c36a8122af86f844aa9bcd851b5fbb55"
  integrity sha1-eeTriMNqgSKvhvhEqpvNhRtfu1U=

lodash.isempty@^4.4.0:
  version "4.4.0"
  resolved "https://registry.yarnpkg.com/lodash.isempty/-/lodash.isempty-4.4.0.tgz#6f86cbedd8be4ec987be9aaf33c9684db1b31e7e"
  integrity sha1-b4bL7di+TsmHvpqvM8loTbGzHn4=

lodash.isobject@^3.0.2:
  version "3.0.2"
  resolved "https://registry.yarnpkg.com/lodash.isobject/-/lodash.isobject-3.0.2.tgz#3c8fb8d5b5bf4bf90ae06e14f2a530a4ed935e1d"
  integrity sha1-PI+41bW/S/kK4G4U8qUwpO2TXh0=

lodash.istypedarray@^3.0.0:
  version "3.0.6"
  resolved "https://registry.yarnpkg.com/lodash.istypedarray/-/lodash.istypedarray-3.0.6.tgz#c9a477498607501d8e8494d283b87c39281cef62"
  integrity sha1-yaR3SYYHUB2OhJTSg7h8OSgc72I=

lodash.keys@^3.0.0:
  version "3.1.2"
  resolved "https://registry.yarnpkg.com/lodash.keys/-/lodash.keys-3.1.2.tgz#4dbc0472b156be50a0b286855d1bd0b0c656098a"
  integrity sha1-TbwEcrFWvlCgsoaFXRvQsMZWCYo=
  dependencies:
    lodash._getnative "^3.0.0"
    lodash.isarguments "^3.0.0"
    lodash.isarray "^3.0.0"

lodash.merge@^4.6.0:
  version "4.6.1"
  resolved "https://registry.yarnpkg.com/lodash.merge/-/lodash.merge-4.6.1.tgz#adc25d9cb99b9391c59624f379fbba60d7111d54"
  integrity sha512-AOYza4+Hf5z1/0Hztxpm2/xiPZgi/cjMqdnKTUWTBSKchJlxXXuUSxCCl8rJlf4g6yww/j6mA8nC8Hw/EZWxKQ==

lodash.omit@^4.5.0:
  version "4.5.0"
  resolved "https://registry.yarnpkg.com/lodash.omit/-/lodash.omit-4.5.0.tgz#6eb19ae5a1ee1dd9df0b969e66ce0b7fa30b5e60"
  integrity sha1-brGa5aHuHdnfC5aeZs4Lf6MLXmA=

lodash.pairs@^3.0.0:
  version "3.0.1"
  resolved "https://registry.yarnpkg.com/lodash.pairs/-/lodash.pairs-3.0.1.tgz#bbe08d5786eeeaa09a15c91ebf0dcb7d2be326a9"
  integrity sha1-u+CNV4bu6qCaFckevw3LfSvjJqk=
  dependencies:
    lodash.keys "^3.0.0"

lodash.pick@^4.4.0:
  version "4.4.0"
  resolved "https://registry.yarnpkg.com/lodash.pick/-/lodash.pick-4.4.0.tgz#52f05610fff9ded422611441ed1fc123a03001b3"
  integrity sha1-UvBWEP/53tQiYRRB7R/BI6AwAbM=

lodash.template@^4.4.0:
  version "4.5.0"
  resolved "https://registry.yarnpkg.com/lodash.template/-/lodash.template-4.5.0.tgz#f976195cf3f347d0d5f52483569fe8031ccce8ab"
  integrity sha512-84vYFxIkmidUiFxidA/KjjH9pAycqW+h980j7Fuz5qxRtO9pgB7MDFTdys1N7A5mcucRiDyEq4fusljItR1T/A==
  dependencies:
    lodash._reinterpolate "^3.0.0"
    lodash.templatesettings "^4.0.0"

lodash.templatesettings@^4.0.0:
  version "4.2.0"
  resolved "https://registry.yarnpkg.com/lodash.templatesettings/-/lodash.templatesettings-4.2.0.tgz#e481310f049d3cf6d47e912ad09313b154f0fb33"
  integrity sha512-stgLz+i3Aa9mZgnjr/O+v9ruKZsPsndy7qPZOchbqk2cnTU1ZaldKK+v7m54WoKIyxiuMZTKT2H81F8BeAc3ZQ==
  dependencies:
    lodash._reinterpolate "^3.0.0"

lodash.union@^4.6.0:
  version "4.6.0"
  resolved "https://registry.yarnpkg.com/lodash.union/-/lodash.union-4.6.0.tgz#48bb5088409f16f1821666641c44dd1aaae3cd88"
  integrity sha1-SLtQiECfFvGCFmZkHETdGqrjzYg=

lodash.uniq@^4.5.0:
  version "4.5.0"
  resolved "https://registry.yarnpkg.com/lodash.uniq/-/lodash.uniq-4.5.0.tgz#d0225373aeb652adc1bc82e4945339a842754773"
  integrity sha1-0CJTc662Uq3BvILklFM5qEJ1R3M=

lodash.without@^4.4.0:
  version "4.4.0"
  resolved "https://registry.yarnpkg.com/lodash.without/-/lodash.without-4.4.0.tgz#3cd4574a00b67bae373a94b748772640507b7aac"
  integrity sha1-PNRXSgC2e643OpS3SHcmQFB7eqw=

lodash@^4.13.1:
  version "4.17.11"
  resolved "https://registry.yarnpkg.com/lodash/-/lodash-4.17.11.tgz#b39ea6229ef607ecd89e2c8df12536891cac9b8d"
  integrity sha512-cQKh8igo5QUhZ7lg38DYWAxMvjSAKG0A8wGSVimP07SIUEK2UO+arSRKbRZWtelMtN5V0Hkwh5ryOto/SshYIg==

message-box@^0.2.0:
  version "0.2.0"
  resolved "https://registry.yarnpkg.com/message-box/-/message-box-0.2.0.tgz#f93da217cb11f2a13cb501846fa713f21d6eabb7"
  integrity sha512-SPLfVDEM2YcAgV2IB0B5vOGjvqXSSw7ZibEeXcff8HYpxyG1Uj+XjgnGUGyR1C0EQCvPI3MBx3p7opt2CIQ2hw==
  dependencies:
    lodash.merge "^4.6.0"
    lodash.template "^4.4.0"

mime-db@~1.37.0:
  version "1.37.0"
  resolved "https://registry.yarnpkg.com/mime-db/-/mime-db-1.37.0.tgz#0b6a0ce6fdbe9576e25f1f2d2fde8830dc0ad0d8"
  integrity sha512-R3C4db6bgQhlIhPU48fUtdVmKnflq+hRdad7IyKhtFj06VPNVdk2RhiYL3UjQIlso8L+YxAtFkobT0VK+S/ybg==

mime-types@~2.1.18:
  version "2.1.21"
  resolved "https://registry.yarnpkg.com/mime-types/-/mime-types-2.1.21.tgz#28995aa1ecb770742fe6ae7e58f9181c744b3f96"
  integrity sha512-3iL6DbwpyLzjR3xHSFNFeb9Nz/M8WDkX33t1GFQnFOllWk8pOrh/LSrB5OXlnlW5P9LH73X6loW/eogc+F5lJg==
  dependencies:
    mime-db "~1.37.0"

mongo-object@^0.1.3:
  version "0.1.3"
  resolved "https://registry.yarnpkg.com/mongo-object/-/mongo-object-0.1.3.tgz#56b2a46d3ae4f0bdb1935241928fb444034b92e5"
  integrity sha512-m3vs+a1JkvRXELJMe2ieMmBe03NUy6bctGjWicRhReYj8brDi0ojKHLKLmXWr/RupNaFP8Q7/x8xG8GpFtp9wg==
  dependencies:
    lodash.foreach "^4.5.0"
    lodash.isempty "^4.4.0"
    lodash.isobject "^3.0.2"
    lodash.without "^4.4.0"

ms@2.0.0:
  version "2.0.0"
  resolved "https://registry.yarnpkg.com/ms/-/ms-2.0.0.tgz#5608aeadfc00be6c2901df5f9861788de0d597c8"
  integrity sha1-VgiurfwAvmwpAd9fmGF4jeDVl8g=

ms@^2.1.1:
  version "2.1.2"
  resolved "https://registry.yarnpkg.com/ms/-/ms-2.1.2.tgz#d09d1f357b443f493382a8eb3ccd183872ae6009"
  integrity sha512-sGkPx+VjMtmA6MX27oA4FBFELFCZZ4S4XqeGOXCv68tT+jb3vk/RyaKWP0PTKyWtmLSM0b+adUTEvbs1PEaH2w==

negotiator@0.6.1:
  version "0.6.1"
  resolved "https://registry.yarnpkg.com/negotiator/-/negotiator-0.6.1.tgz#2b327184e8992101177b28563fb5e7102acd0ca9"
  integrity sha1-KzJxhOiZIQEXeyhWP7XnECrNDKk=

obj-parse@^0.3.0:
  version "0.3.0"
  resolved "https://registry.yarnpkg.com/obj-parse/-/obj-parse-0.3.0.tgz#da854afc102fb7099d825c5e37bddcff867cbf4f"
  integrity sha1-2oVK/BAvtwmdglxeN73c/4Z8v08=

psl@^1.1.28:
  version "1.1.31"
  resolved "https://registry.yarnpkg.com/psl/-/psl-1.1.31.tgz#e9aa86d0101b5b105cbe93ac6b784cd547276184"
  integrity sha512-/6pt4+C+T+wZUieKR620OpzN/LlnNKuWjy1iFLQ/UG35JqHlR/89MP1d96dUfkf6Dne3TuLQzOYEYshJ+Hx8mw==

punycode@^2.1.1:
  version "2.1.1"
  resolved "https://registry.yarnpkg.com/punycode/-/punycode-2.1.1.tgz#b58b010ac40c22c5657616c8d2c2c02c7bf479ec"
  integrity sha512-XRsRjdf+j5ml+y/6GKHPZbrF/8p2Yga0JPtdqTIY2Xe5ohJPD9saDJJLPvp9+NSBprVvevdXZybnj2cv8OEd0A==

redis-commands@^1.2.0:
  version "1.4.0"
  resolved "https://registry.yarnpkg.com/redis-commands/-/redis-commands-1.4.0.tgz#52f9cf99153efcce56a8f86af986bd04e988602f"
  integrity sha512-cu8EF+MtkwI4DLIT0x9P8qNTLFhQD4jLfxLR0cCNkeGzs87FN6879JOJwNQR/1zD7aSYNbU0hgsV9zGY71Itvw==

redis-parser@^2.6.0:
  version "2.6.0"
  resolved "https://registry.yarnpkg.com/redis-parser/-/redis-parser-2.6.0.tgz#52ed09dacac108f1a631c07e9b69941e7a19504b"
  integrity sha1-Uu0J2srBCPGmMcB+m2mUHnoZUEs=

redis@^2.7.1:
  version "2.8.0"
  resolved "https://registry.yarnpkg.com/redis/-/redis-2.8.0.tgz#202288e3f58c49f6079d97af7a10e1303ae14b02"
  integrity sha512-M1OkonEQwtRmZv4tEWF2VgpG0JWJ8Fv1PhlgT5+B+uNq2cA3Rt1Yt/ryoR+vQNOQcIEgdCdfH0jr3bDpihAw1A==
  dependencies:
    double-ended-queue "^2.1.0-0"
    redis-commands "^1.2.0"
    redis-parser "^2.6.0"

request-promise-core@1.1.1:
  version "1.1.1"
  resolved "https://registry.yarnpkg.com/request-promise-core/-/request-promise-core-1.1.1.tgz#3eee00b2c5aa83239cfb04c5700da36f81cd08b6"
  integrity sha1-Pu4AssWqgyOc+wTFcA2jb4HNCLY=
  dependencies:
    lodash "^4.13.1"

request-promise-native@^1.0.5:
  version "1.0.5"
  resolved "https://registry.yarnpkg.com/request-promise-native/-/request-promise-native-1.0.5.tgz#5281770f68e0c9719e5163fd3fab482215f4fda5"
  integrity sha1-UoF3D2jgyXGeUWP9P6tIIhX0/aU=
  dependencies:
    request-promise-core "1.1.1"
    stealthy-require "^1.1.0"
    tough-cookie ">=2.3.3"

requires-port@^1.0.0:
  version "1.0.0"
  resolved "https://registry.yarnpkg.com/requires-port/-/requires-port-1.0.0.tgz#925d2601d39ac485e091cf0da5c6e694dc3dcaff"
  integrity sha1-kl0mAdOaxIXgkc8NpcbmlNw9yv8=

simpl-schema@^1.4.2:
  version "1.5.3"
  resolved "https://registry.yarnpkg.com/simpl-schema/-/simpl-schema-1.5.3.tgz#c1d12ebddd7ff6dd32ace5e6364824ae506d4a9a"
  integrity sha512-J24gSh39gBc3TYRFgaWx81bRf9unNML9u3dTAgxL1KI3F9JOv+Z29yEbosJFqmHfuuZ3K7ET/tTQKX4r4+f8/w==
  dependencies:
    clone "^2.1.1"
    extend "^3.0.1"
    lodash.every "^4.6.0"
    lodash.find "^4.6.0"
    lodash.findwhere "^3.1.0"
    lodash.includes "^4.3.0"
    lodash.isempty "^4.4.0"
    lodash.isobject "^3.0.2"
    lodash.omit "^4.5.0"
    lodash.pick "^4.4.0"
    lodash.union "^4.6.0"
    lodash.uniq "^4.5.0"
    message-box "^0.2.0"
    mongo-object "^0.1.3"

stealthy-require@^1.1.0:
  version "1.1.1"
  resolved "https://registry.yarnpkg.com/stealthy-require/-/stealthy-require-1.1.1.tgz#35b09875b4ff49f26a777e509b3090a3226bf24b"
  integrity sha1-NbCYdbT/SfJqd35QmzCQoyJr8ks=

strep@^1.0.0:
  version "1.0.0"
  resolved "https://registry.yarnpkg.com/strep/-/strep-1.0.0.tgz#75aac771a08efe4b348b09ebd4fb181a331c9000"
  integrity sha1-darHcaCO/ks0iwnr1PsYGjMckAA=

string-hash@^1.1.3:
  version "1.1.3"
  resolved "https://registry.yarnpkg.com/string-hash/-/string-hash-1.1.3.tgz#e8aafc0ac1855b4666929ed7dd1275df5d6c811b"
  integrity sha1-6Kr8CsGFW0Zmkp7X3RJ1311sgRs=

tough-cookie@>=2.3.3:
  version "3.0.0"
  resolved "https://registry.yarnpkg.com/tough-cookie/-/tough-cookie-3.0.0.tgz#d2bceddebde633153ff20a52fa844a0dc71dacef"
  integrity sha512-LHMvg+RBP/mAVNqVbOX8t+iJ+tqhBA/t49DuI7+IDAWHrASnesqSu1vWbKB7UrE2yk+HMFUBMadRGMkB4VCfog==
  dependencies:
    ip-regex "^3.0.0"
    psl "^1.1.28"
    punycode "^2.1.1"

uuid@^3.3.2:
  version "3.3.3"
  resolved "https://registry.yarnpkg.com/uuid/-/uuid-3.3.3.tgz#4568f0216e78760ee1dbf3a4d2cf53e224112866"
  integrity sha512-pW0No1RGHgzlpHJO1nsVrHKpOEIxkGg1xB+v0ZmdNH5OAeAwzAVrCnI2/6Mtx+Uys6iaylxa+D3g4j63IKKjSQ==

wrg@^1.0.0:
  version "1.0.0"
  resolved "https://registry.yarnpkg.com/wrg/-/wrg-1.0.0.tgz#3ec292ba62094256f24923f2baf3a393836c37b7"
  integrity sha1-PsKSumIJQlbySSPyuvOjk4NsN7c=

wror@^1.0.0:
  version "1.0.0"
  resolved "https://registry.yarnpkg.com/wror/-/wror-1.0.0.tgz#7e62bc41e8573e23a5acadcf251432dae87230da"
  integrity sha1-fmK8QehXPiOlrK3PJRQy2uhyMNo=
